<?xml version="1.0" encoding="utf-8"?>
<Project ToolsVersion="4.0" xmlns="http://schemas.microsoft.com/developer/msbuild/2003">
  <ItemGroup>
    <Filter Include="源文件">
      <UniqueIdentifier>{4FC737F1-C7A5-4376-A066-2A32D752A2FF}</UniqueIdentifier>
      <Extensions>cpp;c;cc;cxx;c++;cppm;ixx;def;odl;idl;hpj;bat;asm;asmx</Extensions>
    </Filter>
    <Filter Include="头文件">
      <UniqueIdentifier>{93995380-89BD-4b04-88EB-625FBE52EBFB}</UniqueIdentifier>
      <Extensions>h;hh;hpp;hxx;h++;hm;inl;inc;ipp;xsd</Extensions>
    </Filter>
    <Filter Include="资源文件">
      <UniqueIdentifier>{67DA6AB6-F800-4c08-8B7A-83BB121AAD01}</UniqueIdentifier>
      <Extensions>rc;ico;cur;bmp;dlg;rc2;rct;bin;rgs;gif;jpg;jpeg;jpe;resx;tiff;tif;png;wav;mfcribbon-ms</Extensions>
    </Filter>
  </ItemGroup>
  <ItemGroup>
    <ClCompile Include="src\Main.cpp">
      <Filter>源文件</Filter>
    </ClCompile>
    <ClCompile Include="src\Common\Win32Application.cpp">
      <Filter>源文件</Filter>
    </ClCompile>
    <ClCompile Include="src\Common\RenderApp.cpp">
      <Filter>源文件</Filter>
    </ClCompile>
    <ClCompile Include="src\Common\DXApplication.cpp">
      <Filter>源文件</Filter>
    </ClCompile>
    <ClCompile Include="src\DXRunTime\Device.cpp">
      <Filter>源文件</Filter>
    </ClCompile>
    <ClCompile Include="src\Resource\Buffer.cpp">
      <Filter>源文件</Filter>
    </ClCompile>
    <ClCompile Include="src\Resource\UploadBuffer.cpp">
      <Filter>源文件</Filter>
    </ClCompile>
    <ClCompile Include="src\Resource\DefaultBuffer.cpp">
      <Filter>源文件</Filter>
    </ClCompile>
    <ClCompile Include="src\Resource\ReadbackBuffer.cpp">
      <Filter>源文件</Filter>
    </ClCompile>
    <ClCompile Include="src\Utility\ReflectableStruct.cpp">
      <Filter>源文件</Filter>
    </ClCompile>
    <ClCompile Include="src\Resource\Mesh.cpp">
      <Filter>源文件</Filter>
    </ClCompile>
    <ClCompile Include="src\DXRunTime\CommandListHandle.cpp">
      <Filter>源文件</Filter>
    </ClCompile>
    <ClCompile Include="src\DXRunTime\FrameResource.cpp">
      <Filter>源文件</Filter>
    </ClCompile>
    <ClCompile Include="src\DXMath\DXMath.cpp">
      <Filter>源文件</Filter>
    </ClCompile>
    <ClCompile Include="src\DXMath\MathHelper.cpp">
      <Filter>源文件</Filter>
    </ClCompile>
    <ClCompile Include="src\Component\Camera.cpp">
      <Filter>源文件</Filter>
    </ClCompile>
    <ClCompile Include="src\Utility\xxhash.cpp">
      <Filter>源文件</Filter>
    </ClCompile>
    <ClCompile Include="src\Resource\DescriptorHeap.cpp">
      <Filter>源文件</Filter>
    </ClCompile>
    <ClCompile Include="src\Resource\Texture.cpp">
      <Filter>源文件</Filter>
    </ClCompile>
    <ClCompile Include="src\Shader\Shader.cpp">
      <Filter>源文件</Filter>
    </ClCompile>
    <ClCompile Include="src\Shader\GlobalSamplers.cpp">
      <Filter>源文件</Filter>
    </ClCompile>
    <ClCompile Include="src\Shader\PSOManager.cpp">
      <Filter>源文件</Filter>
    </ClCompile>
    <ClCompile Include="src\Shader\RasterShader.cpp">
      <Filter>源文件</Filter>
    </ClCompile>
    <ClCompile Include="src\DXRunTime\ResourceStateTracker.cpp">
      <Filter>源文件</Filter>
    </ClCompile>
    <ClCompile Include="src\Utility\StackAllocator.cpp">
      <Filter>源文件</Filter>
    </ClCompile>
  </ItemGroup>
  <ItemGroup>
    <Image Include="src\icon.ico">
      <Filter>资源文件</Filter>
    </Image>
    <Image Include="Images\test.jpg">
      <Filter>资源文件</Filter>
    </Image>
  </ItemGroup>
  <ItemGroup>
    <ClInclude Include="src\Common\d3dx12.h">
      <Filter>头文件</Filter>
    </ClInclude>
    <ClInclude Include="src\Common\Win32Application.h">
      <Filter>头文件</Filter>
    </ClInclude>
    <ClInclude Include="src\Common\DXApplication.h">
      <Filter>头文件</Filter>
    </ClInclude>
    <ClInclude Include="src\Common\DXHelper.h">
      <Filter>头文件</Filter>
    </ClInclude>
    <ClInclude Include="src\Common\stdafx.h">
      <Filter>头文件</Filter>
    </ClInclude>
    <ClInclude Include="src\Common\RenderApp.h">
      <Filter>头文件</Filter>
    </ClInclude>
    <ClInclude Include="src\Resource\Resource.h">
      <Filter>头文件</Filter>
    </ClInclude>
    <ClInclude Include="src\DXRunTime\Device.h">
      <Filter>头文件</Filter>
    </ClInclude>
    <ClInclude Include="src\Resource\Buffer.h">
      <Filter>头文件</Filter>
    </ClInclude>
    <ClInclude Include="src\Resource\BufferView.h">
      <Filter>头文件</Filter>
    </ClInclude>
    <ClInclude Include="src\Resource\UpLoadBuffer.h">
      <Filter>头文件</Filter>
    </ClInclude>
    <ClInclude Include="src\Common\Metalib.h">
      <Filter>头文件</Filter>
    </ClInclude>
    <ClInclude Include="src\Resource\DefaultBuffer.h">
      <Filter>头文件</Filter>
    </ClInclude>
    <ClInclude Include="src\Resource\ReadbackBuffer.h">
      <Filter>头文件</Filter>
    </ClInclude>
    <ClInclude Include="src\Resource\Mesh.h">
      <Filter>头文件</Filter>
    </ClInclude>
    <ClInclude Include="src\Utility\ReflectableStruct.h">
      <Filter>头文件</Filter>
    </ClInclude>
    <ClInclude Include="src\DXRunTime\CommandListHandle.h">
      <Filter>头文件</Filter>
    </ClInclude>
    <ClInclude Include="src\DXRunTime\FrameResource.h">
      <Filter>头文件</Filter>
    </ClInclude>
    <ClInclude Include="src\DXMath\DXMath.h">
      <Filter>头文件</Filter>
    </ClInclude>
    <ClInclude Include="src\DXMath\DXMathConfig.h">
      <Filter>头文件</Filter>
    </ClInclude>
    <ClInclude Include="src\DXMath\Vector.h">
      <Filter>头文件</Filter>
    </ClInclude>
    <ClInclude Include="src\DXMath\Scalar.h">
      <Filter>头文件</Filter>
    </ClInclude>
    <ClInclude Include="src\DXMath\Common.h">
      <Filter>头文件</Filter>
    </ClInclude>
    <ClInclude Include="src\DXMath\Swizzle.h">
      <Filter>头文件</Filter>
    </ClInclude>
    <ClInclude Include="src\DXMath\Quaternion.h">
      <Filter>头文件</Filter>
    </ClInclude>
    <ClInclude Include="src\DXMath\Matrix3.h">
      <Filter>头文件</Filter>
    </ClInclude>
    <ClInclude Include="src\DXMath\Matrix4.h">
      <Filter>头文件</Filter>
    </ClInclude>
    <ClInclude Include="src\DXMath\MathHelper.h">
      <Filter>头文件</Filter>
    </ClInclude>
    <ClInclude Include="src\Component\Camera.h">
      <Filter>头文件</Filter>
    </ClInclude>
    <ClInclude Include="src\Utility\Hash.h">
      <Filter>头文件</Filter>
    </ClInclude>
    <ClInclude Include="src\Resource\DescriptorHeap.h">
      <Filter>头文件</Filter>
    </ClInclude>
    <ClInclude Include="src\Resource\DescriptorHeapView.h">
      <Filter>头文件</Filter>
    </ClInclude>
    <ClInclude Include="src\Resource\Texture.h">
      <Filter>头文件</Filter>
    </ClInclude>
    <ClInclude Include="src\Shader\ShaderVariableType.h">
      <Filter>头文件</Filter>
    </ClInclude>
    <ClInclude Include="src\Shader\Shader.h">
      <Filter>头文件</Filter>
    </ClInclude>
    <ClInclude Include="src\Shader\GlobalSamplers.h">
      <Filter>头文件</Filter>
    </ClInclude>
    <ClInclude Include="src\Shader\PSOManager.h">
      <Filter>头文件</Filter>
    </ClInclude>
    <ClInclude Include="src\Shader\RasterShader.h">
      <Filter>头文件</Filter>
    </ClInclude>
    <ClInclude Include="src\DXRunTime\BindProperty.h">
      <Filter>头文件</Filter>
    </ClInclude>
    <ClInclude Include="src\DXRunTime\ResourceStateTracker.h">
      <Filter>头文件</Filter>
    </ClInclude>
    <ClInclude Include="src\Utility\StackAllocator.h">
      <Filter>头文件</Filter>
    </ClInclude>
  </ItemGroup>
  <ItemGroup>
    <FxCompile Include="shaders\Shader.hlsl" />
  </ItemGroup>
  <ItemGroup>
    <None Include="shaders\Shader_PS.cso" />
    <None Include="shaders\Shader_VS.cso" />
  </ItemGroup>
</Project>