<?xml version="1.0" encoding="utf-8"?>
<Project ToolsVersion="4.0" xmlns="http://schemas.microsoft.com/developer/msbuild/2003">
  <ItemGroup>
    <Filter Include="源文件">
      <UniqueIdentifier>{4FC737F1-C7A5-4376-A066-2A32D752A2FF}</UniqueIdentifier>
      <Extensions>cpp;c;cc;cxx;c++;cppm;ixx;def;odl;idl;hpj;bat;asm;asmx</Extensions>
    </Filter>
    <Filter Include="头文件">
      <UniqueIdentifier>{93995380-89BD-4b04-88EB-625FBE52EBFB}</UniqueIdentifier>
      <Extensions>h;hh;hpp;hxx;h++;hm;inl;inc;ipp;xsd</Extensions>
    </Filter>
    <Filter Include="资源文件">
      <UniqueIdentifier>{67DA6AB6-F800-4c08-8B7A-83BB121AAD01}</UniqueIdentifier>
      <Extensions>rc;ico;cur;bmp;dlg;rc2;rct;bin;rgs;gif;jpg;jpeg;jpe;resx;tiff;tif;png;wav;mfcribbon-ms</Extensions>
    </Filter>
  </ItemGroup>
  <ItemGroup>
    <ClCompile Include="src\Main.cpp">
      <Filter>源文件</Filter>
    </ClCompile>
    <ClCompile Include="src\Common\Win32Application.cpp">
      <Filter>源文件</Filter>
    </ClCompile>
    <ClCompile Include="src\Common\DXApplication.cpp">
      <Filter>源文件</Filter>
    </ClCompile>
    <ClCompile Include="src\Utility\ReflectableStruct.cpp">
      <Filter>源文件</Filter>
    </ClCompile>
    <ClCompile Include="src\DXMath\DXMath.cpp">
      <Filter>源文件</Filter>
    </ClCompile>
    <ClCompile Include="src\DXMath\MathHelper.cpp">
      <Filter>源文件</Filter>
    </ClCompile>
    <ClCompile Include="src\Component\CameraComponent.cpp">
      <Filter>源文件</Filter>
    </ClCompile>
    <ClCompile Include="src\Utility\xxhash.cpp">
      <Filter>源文件</Filter>
    </ClCompile>
    <ClCompile Include="src\Resource\D3D12Texture.cpp">
      <Filter>源文件</Filter>
    </ClCompile>
    <ClCompile Include="src\Shader\Shader.cpp">
      <Filter>源文件</Filter>
    </ClCompile>
    <ClCompile Include="src\Utility\StackAllocator.cpp">
      <Filter>源文件</Filter>
    </ClCompile>
    <ClCompile Include="src\Math\Transform.cpp">
      <Filter>源文件</Filter>
    </ClCompile>
    <ClCompile Include="src\Actor\Actor.cpp">
      <Filter>源文件</Filter>
    </ClCompile>
    <ClCompile Include="src\Actor\Light\LightActor.cpp">
      <Filter>源文件</Filter>
    </ClCompile>
    <ClCompile Include="src\Actor\Light\DirectioanlLightActor.cpp">
      <Filter>源文件</Filter>
    </ClCompile>
    <ClCompile Include="src\Mesh\Color.cpp">
      <Filter>源文件</Filter>
    </ClCompile>
    <ClCompile Include="src\Mesh\MeshLoader.cpp">
      <Filter>源文件</Filter>
    </ClCompile>
    <ClCompile Include="src\Mesh\MeshRepository.cpp">
      <Filter>源文件</Filter>
    </ClCompile>
    <ClCompile Include="src\Math\Math.cpp">
      <Filter>源文件</Filter>
    </ClCompile>
    <ClCompile Include="src\Utils\D3D12Utils.cpp">
      <Filter>源文件</Filter>
    </ClCompile>
    <ClCompile Include="src\Resource\Resource.cpp">
      <Filter>源文件</Filter>
    </ClCompile>
    <ClCompile Include="src\Resource\MemoryAllocator.cpp">
      <Filter>源文件</Filter>
    </ClCompile>
    <ClCompile Include="src\Resource\DescriptorCache.cpp">
      <Filter>源文件</Filter>
    </ClCompile>
    <ClCompile Include="src\Resource\CommandContext.cpp">
      <Filter>源文件</Filter>
    </ClCompile>
    <ClCompile Include="src\Resource\HeapSlotAllocator.cpp">
      <Filter>源文件</Filter>
    </ClCompile>
    <ClCompile Include="src\Resource\View.cpp">
      <Filter>源文件</Filter>
    </ClCompile>
    <ClCompile Include="src\Resource\Device.cpp">
      <Filter>源文件</Filter>
    </ClCompile>
    <ClCompile Include="src\Resource\Buffer.cpp">
      <Filter>源文件</Filter>
    </ClCompile>
    <ClCompile Include="src\Resource\Viewport.cpp">
      <Filter>源文件</Filter>
    </ClCompile>
    <ClCompile Include="src\TextureLoader\WICTextureLoader.cpp">
      <Filter>源文件</Filter>
    </ClCompile>
    <ClCompile Include="src\TextureLoader\DDSTextureLoader.cpp">
      <Filter>源文件</Filter>
    </ClCompile>
    <ClCompile Include="src\TextureLoader\HDRTextureLoader.cpp">
      <Filter>源文件</Filter>
    </ClCompile>
    <ClCompile Include="src\Texture\Texture.cpp">
      <Filter>源文件</Filter>
    </ClCompile>
    <ClCompile Include="src\Texture\TextureRepository.cpp">
      <Filter>源文件</Filter>
    </ClCompile>
    <ClCompile Include="src\Mesh\BoudingBox.cpp">
      <Filter>源文件</Filter>
    </ClCompile>
    <ClCompile Include="src\Mesh\Mesh.cpp">
      <Filter>源文件</Filter>
    </ClCompile>
    <ClCompile Include="src\Material\Material.cpp">
      <Filter>源文件</Filter>
    </ClCompile>
    <ClCompile Include="src\Material\MaterialInstance.cpp">
      <Filter>源文件</Filter>
    </ClCompile>
    <ClCompile Include="src\Component\MeshComponent.cpp">
      <Filter>源文件</Filter>
    </ClCompile>
    <ClCompile Include="src\Material\MaterialRepository.cpp">
      <Filter>源文件</Filter>
    </ClCompile>
    <ClCompile Include="src\Engine\GameTimer.cpp">
      <Filter>源文件</Filter>
    </ClCompile>
    <ClCompile Include="src\Render\InputLayout.cpp">
      <Filter>源文件</Filter>
    </ClCompile>
    <ClCompile Include="src\Render\PSO.cpp">
      <Filter>源文件</Filter>
    </ClCompile>
    <ClCompile Include="src\Render\RenderTarget.cpp">
      <Filter>源文件</Filter>
    </ClCompile>
    <ClCompile Include="src\Mesh\Primitive.cpp">
      <Filter>源文件</Filter>
    </ClCompile>
    <ClCompile Include="src\Mesh\KdTree.cpp">
      <Filter>源文件</Filter>
    </ClCompile>
    <ClCompile Include="src\Mesh\BVH.cpp">
      <Filter>源文件</Filter>
    </ClCompile>
    <ClCompile Include="src\World\World.cpp">
      <Filter>源文件</Filter>
    </ClCompile>
    <ClCompile Include="src\Mesh\TextManager.cpp">
      <Filter>源文件</Filter>
    </ClCompile>
    <ClCompile Include="src\Render\SceneCapture2D.cpp">
      <Filter>源文件</Filter>
    </ClCompile>
    <ClCompile Include="src\Render\SceneCaptureCube.cpp">
      <Filter>源文件</Filter>
    </ClCompile>
    <ClCompile Include="src\Render\SpriteFont.cpp">
      <Filter>源文件</Filter>
    </ClCompile>
    <ClCompile Include="src\File\BinaryReader.cpp">
      <Filter>源文件</Filter>
    </ClCompile>
    <ClCompile Include="src\Render\Render.cpp">
      <Filter>源文件</Filter>
    </ClCompile>
    <ClCompile Include="src\Actor\CameraActor.cpp">
      <Filter>源文件</Filter>
    </ClCompile>
    <ClCompile Include="src\File\BinarySaver.cpp">
      <Filter>源文件</Filter>
    </ClCompile>
    <ClCompile Include="src\Actor\Light\PointLightActor.cpp">
      <Filter>源文件</Filter>
    </ClCompile>
    <ClCompile Include="src\Actor\Light\SpotLightActor.cpp">
      <Filter>源文件</Filter>
    </ClCompile>
    <ClCompile Include="src\Engine\Engine.cpp">
      <Filter>源文件</Filter>
    </ClCompile>
    <ClCompile Include="src\Actor\StaticMeshActor.cpp">
      <Filter>源文件</Filter>
    </ClCompile>
    <ClCompile Include="src\Resource\D3D12RHI.cpp">
      <Filter>源文件</Filter>
    </ClCompile>
    <ClCompile Include="src\Actor\HDRSkyActor.cpp">
      <Filter>源文件</Filter>
    </ClCompile>
  </ItemGroup>
  <ItemGroup>
    <Image Include="src\icon.ico">
      <Filter>资源文件</Filter>
    </Image>
    <Image Include="Resources\Images\test.jpg">
      <Filter>资源文件</Filter>
    </Image>
    <Image Include="Resources\Textures\Gun_BaseColor.png">
      <Filter>资源文件</Filter>
    </Image>
    <Image Include="Resources\Textures\Gun_Height.png">
      <Filter>资源文件</Filter>
    </Image>
    <Image Include="Resources\Textures\Gun_Metallic.png">
      <Filter>资源文件</Filter>
    </Image>
    <Image Include="Resources\Textures\Gun_Normal.png">
      <Filter>资源文件</Filter>
    </Image>
    <Image Include="Resources\Textures\Gun_Roughness.png">
      <Filter>资源文件</Filter>
    </Image>
    <Image Include="Resources\Textures\person.png">
      <Filter>资源文件</Filter>
    </Image>
    <Image Include="Resources\Textures\test.jpg">
      <Filter>资源文件</Filter>
    </Image>
    <Image Include="Resources\Textures\white1x1.dds" />
    <Image Include="Resources\Textures\IBL_BRDF_LUT.png">
      <Filter>资源文件</Filter>
    </Image>
    <Image Include="Resources\Textures\stbn_RG.dds" />
    <Image Include="Resources\Textures\stbn_RG.png">
      <Filter>资源文件</Filter>
    </Image>
  </ItemGroup>
  <ItemGroup>
    <ClInclude Include="src\Common\d3dx12.h">
      <Filter>头文件</Filter>
    </ClInclude>
    <ClInclude Include="src\Common\Win32Application.h">
      <Filter>头文件</Filter>
    </ClInclude>
    <ClInclude Include="src\Common\DXApplication.h">
      <Filter>头文件</Filter>
    </ClInclude>
    <ClInclude Include="src\Common\stdafx.h">
      <Filter>头文件</Filter>
    </ClInclude>
    <ClInclude Include="src\Resource\Resource.h">
      <Filter>头文件</Filter>
    </ClInclude>
    <ClInclude Include="src\Resource\BufferView.h">
      <Filter>头文件</Filter>
    </ClInclude>
    <ClInclude Include="src\Common\Metalib.h">
      <Filter>头文件</Filter>
    </ClInclude>
    <ClInclude Include="src\Utility\ReflectableStruct.h">
      <Filter>头文件</Filter>
    </ClInclude>
    <ClInclude Include="src\DXMath\DXMath.h">
      <Filter>头文件</Filter>
    </ClInclude>
    <ClInclude Include="src\DXMath\DXMathConfig.h">
      <Filter>头文件</Filter>
    </ClInclude>
    <ClInclude Include="src\DXMath\Vector.h">
      <Filter>头文件</Filter>
    </ClInclude>
    <ClInclude Include="src\DXMath\Scalar.h">
      <Filter>头文件</Filter>
    </ClInclude>
    <ClInclude Include="src\DXMath\Common.h">
      <Filter>头文件</Filter>
    </ClInclude>
    <ClInclude Include="src\DXMath\Swizzle.h">
      <Filter>头文件</Filter>
    </ClInclude>
    <ClInclude Include="src\DXMath\Quaternion.h">
      <Filter>头文件</Filter>
    </ClInclude>
    <ClInclude Include="src\DXMath\Matrix3.h">
      <Filter>头文件</Filter>
    </ClInclude>
    <ClInclude Include="src\DXMath\Matrix4.h">
      <Filter>头文件</Filter>
    </ClInclude>
    <ClInclude Include="src\DXMath\MathHelper.h">
      <Filter>头文件</Filter>
    </ClInclude>
    <ClInclude Include="src\Utility\Hash.h">
      <Filter>头文件</Filter>
    </ClInclude>
    <ClInclude Include="src\Resource\D3D12Texture.h">
      <Filter>头文件</Filter>
    </ClInclude>
    <ClInclude Include="src\Shader\Shader.h">
      <Filter>头文件</Filter>
    </ClInclude>
    <ClInclude Include="src\Utility\StackAllocator.h">
      <Filter>头文件</Filter>
    </ClInclude>
    <ClInclude Include="src\Math\Transform.h">
      <Filter>头文件</Filter>
    </ClInclude>
    <ClInclude Include="src\Component\CameraComponent.h">
      <Filter>头文件</Filter>
    </ClInclude>
    <ClInclude Include="src\Actor\Actor.h">
      <Filter>头文件</Filter>
    </ClInclude>
    <ClInclude Include="src\Actor\Light\LightActor.h">
      <Filter>头文件</Filter>
    </ClInclude>
    <ClInclude Include="src\Actor\Light\DirectionalLightActor.h">
      <Filter>头文件</Filter>
    </ClInclude>
    <ClInclude Include="src\Component\Component.h">
      <Filter>头文件</Filter>
    </ClInclude>
    <ClInclude Include="src\Mesh\Vertex.h">
      <Filter>头文件</Filter>
    </ClInclude>
    <ClInclude Include="src\Mesh\Color.h">
      <Filter>头文件</Filter>
    </ClInclude>
    <ClInclude Include="src\Mesh\MeshRepository.h">
      <Filter>头文件</Filter>
    </ClInclude>
    <ClInclude Include="src\Mesh\MeshLoader.h">
      <Filter>头文件</Filter>
    </ClInclude>
    <ClInclude Include="src\Utils\D3D12Utils.h">
      <Filter>头文件</Filter>
    </ClInclude>
    <ClInclude Include="src\Utils\FormatConvert.h">
      <Filter>头文件</Filter>
    </ClInclude>
    <ClInclude Include="src\Math\Matrix.h">
      <Filter>头文件</Filter>
    </ClInclude>
    <ClInclude Include="src\Math\Math.h">
      <Filter>头文件</Filter>
    </ClInclude>
    <ClInclude Include="src\Math\IntPoint.h">
      <Filter>头文件</Filter>
    </ClInclude>
    <ClInclude Include="src\Math\Vector2.h">
      <Filter>头文件</Filter>
    </ClInclude>
    <ClInclude Include="src\Math\Vector3.h">
      <Filter>头文件</Filter>
    </ClInclude>
    <ClInclude Include="src\Math\Vector4.h">
      <Filter>头文件</Filter>
    </ClInclude>
    <ClInclude Include="src\Resource\MemoryAllocator.h">
      <Filter>头文件</Filter>
    </ClInclude>
    <ClInclude Include="src\Common\DXHelper.h">
      <Filter>头文件</Filter>
    </ClInclude>
    <ClInclude Include="src\File\PlatformHelpers.h">
      <Filter>头文件</Filter>
    </ClInclude>
    <ClInclude Include="src\Resource\DescriptorCache.h">
      <Filter>头文件</Filter>
    </ClInclude>
    <ClInclude Include="src\Resource\Device.h">
      <Filter>头文件</Filter>
    </ClInclude>
    <ClInclude Include="src\Resource\CommandContext.h">
      <Filter>头文件</Filter>
    </ClInclude>
    <ClInclude Include="src\Resource\HeapSlotAllocator.h">
      <Filter>头文件</Filter>
    </ClInclude>
    <ClInclude Include="src\Resource\View.h">
      <Filter>头文件</Filter>
    </ClInclude>
    <ClInclude Include="src\Resource\D3D12RHI.h">
      <Filter>头文件</Filter>
    </ClInclude>
    <ClInclude Include="src\Resource\Viewport.h">
      <Filter>头文件</Filter>
    </ClInclude>
    <ClInclude Include="src\Resource\Buffer.h">
      <Filter>头文件</Filter>
    </ClInclude>
    <ClInclude Include="src\Texture\TextureInfo.h">
      <Filter>头文件</Filter>
    </ClInclude>
    <ClInclude Include="src\File\FileHelpers.h">
      <Filter>头文件</Filter>
    </ClInclude>
    <ClInclude Include="src\TextureLoader\WICTextureLoader.h">
      <Filter>头文件</Filter>
    </ClInclude>
    <ClInclude Include="src\TextureLoader\LoaderHelpers.h">
      <Filter>头文件</Filter>
    </ClInclude>
    <ClInclude Include="src\TextureLoader\stb_image.h">
      <Filter>头文件</Filter>
    </ClInclude>
    <ClInclude Include="src\TextureLoader\DDS.h">
      <Filter>头文件</Filter>
    </ClInclude>
    <ClInclude Include="src\TextureLoader\DDSTextureLoader.h">
      <Filter>头文件</Filter>
    </ClInclude>
    <ClInclude Include="src\TextureLoader\HDRTextureLoader.h">
      <Filter>头文件</Filter>
    </ClInclude>
    <ClInclude Include="src\Texture\Texture.h">
      <Filter>头文件</Filter>
    </ClInclude>
    <ClInclude Include="src\Texture\TextureRepository.h">
      <Filter>头文件</Filter>
    </ClInclude>
    <ClInclude Include="src\Mesh\BoundingBox.h">
      <Filter>头文件</Filter>
    </ClInclude>
    <ClInclude Include="src\Mesh\Ray.h">
      <Filter>头文件</Filter>
    </ClInclude>
    <ClInclude Include="src\Mesh\Mesh.h">
      <Filter>头文件</Filter>
    </ClInclude>
    <ClInclude Include="src\Material\Material.h">
      <Filter>头文件</Filter>
    </ClInclude>
    <ClInclude Include="src\Material\MaterialInstance.h">
      <Filter>头文件</Filter>
    </ClInclude>
    <ClInclude Include="src\Render\RenderProxy.h">
      <Filter>头文件</Filter>
    </ClInclude>
    <ClInclude Include="src\Render\MeshBatch.h">
      <Filter>头文件</Filter>
    </ClInclude>
    <ClInclude Include="src\Component\MeshComponent.h">
      <Filter>头文件</Filter>
    </ClInclude>
    <ClInclude Include="src\Material\MaterialRepository.h">
      <Filter>头文件</Filter>
    </ClInclude>
    <ClInclude Include="src\Engine\Engine.h">
      <Filter>头文件</Filter>
    </ClInclude>
    <ClInclude Include="src\Engine\GameTimer.h">
      <Filter>头文件</Filter>
    </ClInclude>
    <ClInclude Include="src\Render\InputLayout.h">
      <Filter>头文件</Filter>
    </ClInclude>
    <ClInclude Include="src\Render\PSO.h">
      <Filter>头文件</Filter>
    </ClInclude>
    <ClInclude Include="src\Render\RenderTarget.h">
      <Filter>头文件</Filter>
    </ClInclude>
    <ClInclude Include="src\World\World.h">
      <Filter>头文件</Filter>
    </ClInclude>
    <ClInclude Include="src\Mesh\Primitive.h">
      <Filter>头文件</Filter>
    </ClInclude>
    <ClInclude Include="src\Mesh\KdTree.h">
      <Filter>头文件</Filter>
    </ClInclude>
    <ClInclude Include="src\Mesh\BVH.h">
      <Filter>头文件</Filter>
    </ClInclude>
    <ClInclude Include="src\Mesh\Text.h">
      <Filter>头文件</Filter>
    </ClInclude>
    <ClInclude Include="src\Mesh\Sprite.h">
      <Filter>头文件</Filter>
    </ClInclude>
    <ClInclude Include="src\Mesh\TextManager.h">
      <Filter>头文件</Filter>
    </ClInclude>
    <ClInclude Include="src\Render\PrimitiveBatch.h">
      <Filter>头文件</Filter>
    </ClInclude>
    <ClInclude Include="src\Render\SceneCapture2D.h">
      <Filter>头文件</Filter>
    </ClInclude>
    <ClInclude Include="src\Render\SceneView.h">
      <Filter>头文件</Filter>
    </ClInclude>
    <ClInclude Include="src\Render\SceneCaptureCube.h">
      <Filter>头文件</Filter>
    </ClInclude>
    <ClInclude Include="src\Render\SpriteBatch.h">
      <Filter>头文件</Filter>
    </ClInclude>
    <ClInclude Include="src\Render\SpriteFont.h">
      <Filter>头文件</Filter>
    </ClInclude>
    <ClInclude Include="src\File\BinaryReader.h">
      <Filter>头文件</Filter>
    </ClInclude>
    <ClInclude Include="src\Render\Sampler.h">
      <Filter>头文件</Filter>
    </ClInclude>
    <ClInclude Include="src\Render\Render.h">
      <Filter>头文件</Filter>
    </ClInclude>
    <ClInclude Include="src\Actor\CameraActor.h">
      <Filter>头文件</Filter>
    </ClInclude>
    <ClInclude Include="src\Utils\Logger.h">
      <Filter>头文件</Filter>
    </ClInclude>
    <ClInclude Include="src\File\BinarySaver.h">
      <Filter>头文件</Filter>
    </ClInclude>
    <ClInclude Include="src\Actor\Light\PointLightActor.h">
      <Filter>头文件</Filter>
    </ClInclude>
    <ClInclude Include="src\Actor\Light\SpotLightActor.h">
      <Filter>头文件</Filter>
    </ClInclude>
    <ClInclude Include="src\Actor\StaticMeshActor.h">
      <Filter>头文件</Filter>
    </ClInclude>
    <ClInclude Include="resource.h">
      <Filter>头文件</Filter>
    </ClInclude>
    <ClInclude Include="src\Actor\标头.h">
      <Filter>头文件</Filter>
    </ClInclude>
    <ClInclude Include="src\Actor\HDRSkyActor.h">
      <Filter>头文件</Filter>
    </ClInclude>
  </ItemGroup>
  <ItemGroup>
    <None Include="Shaders\Common.hlsl" />
    <None Include="Shaders\BasePassDefault.hlsl" />
    <None Include="Shaders\DeferredLighting.hlsl" />
    <None Include="Shaders\LightingUtil.hlsl" />
    <None Include="Shaders\PBRLighting.hlsl" />
    <None Include="Shaders\Sampler.hlsl" />
    <None Include="Shaders\Utils.hlsl" />
    <None Include="Resources\Models\test.fbx" />
    <None Include="Resources\Models\gun.fbx" />
    <None Include="Shaders\PostProcess.hlsl" />
    <None Include="Shaders\Primitive.hlsl" />
    <None Include="Resource.aps" />
    <None Include="Shaders\build_shaders.bat">
      <Filter>源文件</Filter>
    </None>
    <None Include="Shaders\Compiled\IBLEnviromentPS.cso" />
    <None Include="Shaders\Compiled\IBLEnviromentVS.cso" />
    <None Include="Shaders\IBLEnviroment.hlsl" />
    <None Include="Shaders\IBLPrefilterEnv.hlsl" />
    <None Include="Shaders\BasePassSky.hlsl" />
    <None Include="Shaders\IBLIrradiance.hlsl" />
    <None Include="Shaders\Integrate.hlsl" />
    <None Include="Shaders\TemporalAccumCS.hlsl" />
    <None Include="Shaders\VarianceCS.hlsl" />
    <None Include="Shaders\SVGFSpatFilterCS.hlsl" />
    <None Include="Shaders\LocalCondCDF.hlsl" />
    <None Include="Resources\Textures\bloem_hill_01_2k.hdr" />
    <None Include="Resources\Textures\poolbeg_4k.hdr" />
    <None Include="Shaders\LocalEdgeCDF.hlsl" />
    <None Include="Shaders\GlobalCondCDF.hlsl" />
    <None Include="Shaders\GlobalEdgeCDF.hlsl" />
    <None Include="Shaders\BroadcastConCDF.hlsl" />
    <None Include="Shaders\CDFResult.hlsl" />
  </ItemGroup>
  <ItemGroup>
    <ResourceCompile Include="Resource.rc">
      <Filter>资源文件</Filter>
    </ResourceCompile>
  </ItemGroup>
  <ItemGroup>
    <FxCompile Include="Shaders\IBLEnvironment.hlsl" />
  </ItemGroup>
</Project>